
Microsoft Visual Studio Solution File, Format Version 12.00
# Visual Studio 14
VisualStudioVersion = 14.0.24720.0
MinimumVisualStudioVersion = 10.0.40219.1
Project("{FAE04EC0-301F-11D3-BF4B-00C04F79EFBC}") = "Plasma.WpfFrameWork", "Plasma.WpfFrameWork\Plasma.WpfFrameWork.csproj", "{90D03103-9798-4ACB-8396-DCEEBE7D0E78}"
EndProject
Project("{FAE04EC0-301F-11D3-BF4B-00C04F79EFBC}") = "Plasma.WpfDialogBox", "Plasma.WpfDialogBox\Plasma.WpfDialogBox.csproj", "{B0A33CFD-DD50-4FD3-A022-7DD35164E2A3}"
EndProject
Global
	GlobalSection(SolutionConfigurationPlatforms) = preSolution
		Debug|Any CPU = Debug|Any CPU
		Release|Any CPU = Release|Any CPU
	EndGlobalSection
	GlobalSection(ProjectConfigurationPlatforms) = postSolution
		{90D03103-9798-4ACB-8396-DCEEBE7D0E78}.Debug|Any CPU.ActiveCfg = Debug|Any CPU
		{90D03103-9798-4ACB-8396-DCEEBE7D0E78}.Debug|Any CPU.Build.0 = Debug|Any CPU
		{90D03103-9798-4ACB-8396-DCEEBE7D0E78}.Release|Any CPU.ActiveCfg = Release|Any CPU
		{90D03103-9798-4ACB-8396-DCEEBE7D0E78}.Release|Any CPU.Build.0 = Release|Any CPU
		{B0A33CFD-DD50-4FD3-A022-7DD35164E2A3}.Debug|Any CPU.ActiveCfg = Debug|Any CPU
		{B0A33CFD-DD50-4FD3-A022-7DD35164E2A3}.Debug|Any CPU.Build.0 = Debug|Any CPU
		{B0A33CFD-DD50-4FD3-A022-7DD35164E2A3}.Release|Any CPU.ActiveCfg = Release|Any CPU
		{B0A33CFD-DD50-4FD3-A022-7DD35164E2A3}.Release|Any CPU.Build.0 = Release|Any CPU
	EndGlobalSection
	GlobalSection(SolutionProperties) = preSolution
		HideSolutionNode = FALSE
	EndGlobalSection
EndGlobal
